// !$*UTF8*$!
{
	archiveVersion = 1;
	classes = {
	};
	objectVersion = 51;
	objects = {

/* Begin PBXBuildFile section */
		0D140A6E29DFC43A000DEEC0 /* AppDelegate.swift in Sources */ = {isa = PBXBuildFile; fileRef = 0D140A6D29DFC43A000DEEC0 /* AppDelegate.swift */; };
		0D140A7029DFC43A000DEEC0 /* SceneDelegate.swift in Sources */ = {isa = PBXBuildFile; fileRef = 0D140A6F29DFC43A000DEEC0 /* SceneDelegate.swift */; };
		0D140A7229DFC43A000DEEC0 /* ViewController.swift in Sources */ = {isa = PBXBuildFile; fileRef = 0D140A7129DFC43A000DEEC0 /* ViewController.swift */; };
		0D140A7529DFC43A000DEEC0 /* Main.storyboard in Resources */ = {isa = PBXBuildFile; fileRef = 0D140A7329DFC43A000DEEC0 /* Main.storyboard */; };
		0D140A7729DFC43B000DEEC0 /* Assets.xcassets in Resources */ = {isa = PBXBuildFile; fileRef = 0D140A7629DFC43B000DEEC0 /* Assets.xcassets */; };
		0D140A7A29DFC43B000DEEC0 /* LaunchScreen.storyboard in Resources */ = {isa = PBXBuildFile; fileRef = 0D140A7829DFC43B000DEEC0 /* LaunchScreen.storyboard */; };
		0D140AA029DFD7AC000DEEC0 /* PostModel.swift in Sources */ = {isa = PBXBuildFile; fileRef = 0D140A9F29DFD7AC000DEEC0 /* PostModel.swift */; };
		0D140AA329DFD7B9000DEEC0 /* NewsModel.swift in Sources */ = {isa = PBXBuildFile; fileRef = 0D140AA229DFD7B9000DEEC0 /* NewsModel.swift */; };
		0D140AA629DFD7C3000DEEC0 /* ApiManager.swift in Sources */ = {isa = PBXBuildFile; fileRef = 0D140AA529DFD7C3000DEEC0 /* ApiManager.swift */; };
		0D140AA929DFD7D8000DEEC0 /* PostRequestPage.swift in Sources */ = {isa = PBXBuildFile; fileRef = 0D140AA829DFD7D8000DEEC0 /* PostRequestPage.swift */; };
		0D140AAC29DFD7F0000DEEC0 /* GetRequestFullPage.swift in Sources */ = {isa = PBXBuildFile; fileRef = 0D140AAB29DFD7F0000DEEC0 /* GetRequestFullPage.swift */; };
		0D140AAF29DFD80C000DEEC0 /* CustomCell.swift in Sources */ = {isa = PBXBuildFile; fileRef = 0D140AAE29DFD80C000DEEC0 /* CustomCell.swift */; };
		6E594D333B57A2A90433DF90 /* Pods_HW44.framework in Frameworks */ = {isa = PBXBuildFile; fileRef = 13628A8B359BD7B94C31DDC2 /* Pods_HW44.framework */; };
/* End PBXBuildFile section */

/* Begin PBXFileReference section */
		0D140A6A29DFC43A000DEEC0 /* HW44.app */ = {isa = PBXFileReference; explicitFileType = wrapper.application; includeInIndex = 0; path = HW44.app; sourceTree = BUILT_PRODUCTS_DIR; };
		0D140A6D29DFC43A000DEEC0 /* AppDelegate.swift */ = {isa = PBXFileReference; lastKnownFileType = sourcecode.swift; path = AppDelegate.swift; sourceTree = "<group>"; };
		0D140A6F29DFC43A000DEEC0 /* SceneDelegate.swift */ = {isa = PBXFileReference; lastKnownFileType = sourcecode.swift; path = SceneDelegate.swift; sourceTree = "<group>"; };
		0D140A7129DFC43A000DEEC0 /* ViewController.swift */ = {isa = PBXFileReference; lastKnownFileType = sourcecode.swift; path = ViewController.swift; sourceTree = "<group>"; };
		0D140A7429DFC43A000DEEC0 /* Base */ = {isa = PBXFileReference; lastKnownFileType = file.storyboard; name = Base; path = Base.lproj/Main.storyboard; sourceTree = "<group>"; };
		0D140A7629DFC43B000DEEC0 /* Assets.xcassets */ = {isa = PBXFileReference; lastKnownFileType = folder.assetcatalog; path = Assets.xcassets; sourceTree = "<group>"; };
		0D140A7929DFC43B000DEEC0 /* Base */ = {isa = PBXFileReference; lastKnownFileType = file.storyboard; name = Base; path = Base.lproj/LaunchScreen.storyboard; sourceTree = "<group>"; };
		0D140A7B29DFC43B000DEEC0 /* Info.plist */ = {isa = PBXFileReference; lastKnownFileType = text.plist.xml; path = Info.plist; sourceTree = "<group>"; };
		0D140A9F29DFD7AC000DEEC0 /* PostModel.swift */ = {isa = PBXFileReference; lastKnownFileType = sourcecode.swift; path = PostModel.swift; sourceTree = "<group>"; };
		0D140AA229DFD7B9000DEEC0 /* NewsModel.swift */ = {isa = PBXFileReference; lastKnownFileType = sourcecode.swift; path = NewsModel.swift; sourceTree = "<group>"; };
		0D140AA529DFD7C3000DEEC0 /* ApiManager.swift */ = {isa = PBXFileReference; lastKnownFileType = sourcecode.swift; path = ApiManager.swift; sourceTree = "<group>"; };
		0D140AA829DFD7D8000DEEC0 /* PostRequestPage.swift */ = {isa = PBXFileReference; lastKnownFileType = sourcecode.swift; path = PostRequestPage.swift; sourceTree = "<group>"; };
		0D140AAB29DFD7F0000DEEC0 /* GetRequestFullPage.swift */ = {isa = PBXFileReference; lastKnownFileType = sourcecode.swift; path = GetRequestFullPage.swift; sourceTree = "<group>"; };
		0D140AAE29DFD80C000DEEC0 /* CustomCell.swift */ = {isa = PBXFileReference; lastKnownFileType = sourcecode.swift; path = CustomCell.swift; sourceTree = "<group>"; };
		0E44100B84AD3C5B7D069A0E /* Pods-HW44.debug.xcconfig */ = {isa = PBXFileReference; includeInIndex = 1; lastKnownFileType = text.xcconfig; name = "Pods-HW44.debug.xcconfig"; path = "Target Support Files/Pods-HW44/Pods-HW44.debug.xcconfig"; sourceTree = "<group>"; };
		0EC5F069EBD1C7FAC2CA2BCA /* Pods-HW44.release.xcconfig */ = {isa = PBXFileReference; includeInIndex = 1; lastKnownFileType = text.xcconfig; name = "Pods-HW44.release.xcconfig"; path = "Target Support Files/Pods-HW44/Pods-HW44.release.xcconfig"; sourceTree = "<group>"; };
		13628A8B359BD7B94C31DDC2 /* Pods_HW44.framework */ = {isa = PBXFileReference; explicitFileType = wrapper.framework; includeInIndex = 0; path = Pods_HW44.framework; sourceTree = BUILT_PRODUCTS_DIR; };
/* End PBXFileReference section */

/* Begin PBXFrameworksBuildPhase section */
		0D140A6729DFC43A000DEEC0 /* Frameworks */ = {
			isa = PBXFrameworksBuildPhase;
			buildActionMask = 2147483647;
			files = (
				6E594D333B57A2A90433DF90 /* Pods_HW44.framework in Frameworks */,
			);
			runOnlyForDeploymentPostprocessing = 0;
		};
/* End PBXFrameworksBuildPhase section */

/* Begin PBXGroup section */
		0D140A6129DFC43A000DEEC0 = {
			isa = PBXGroup;
			children = (
				0D140A6C29DFC43A000DEEC0 /* HW44 */,
				0D140A6B29DFC43A000DEEC0 /* Products */,
				22B7715D2648C7C2DDAE1638 /* Pods */,
				3E350391564121C5A0F68809 /* Frameworks */,
			);
			sourceTree = "<group>";
		};
		0D140A6B29DFC43A000DEEC0 /* Products */ = {
			isa = PBXGroup;
			children = (
				0D140A6A29DFC43A000DEEC0 /* HW44.app */,
			);
			name = Products;
			sourceTree = "<group>";
		};
		0D140A6C29DFC43A000DEEC0 /* HW44 */ = {
			isa = PBXGroup;
			children = (
				0D140AB329DFDBFC000DEEC0 /* APIManager */,
				0D140AB129DFD8C3000DEEC0 /* Resouces */,
				0D140A9E29DFD795000DEEC0 /* Views */,
				0D140A9D29DFD789000DEEC0 /* SupportFiles */,
				0D140A7329DFC43A000DEEC0 /* Main.storyboard */,
				0D140A7B29DFC43B000DEEC0 /* Info.plist */,
			);
			path = HW44;
			sourceTree = "<group>";
		};
		0D140A9D29DFD789000DEEC0 /* SupportFiles */ = {
			isa = PBXGroup;
			children = (
				0D140A6D29DFC43A000DEEC0 /* AppDelegate.swift */,
				0D140A6F29DFC43A000DEEC0 /* SceneDelegate.swift */,
			);
			path = SupportFiles;
			sourceTree = "<group>";
		};
		0D140A9E29DFD795000DEEC0 /* Views */ = {
			isa = PBXGroup;
			children = (
				0D140A7129DFC43A000DEEC0 /* ViewController.swift */,
				0D140AAE29DFD80C000DEEC0 /* CustomCell.swift */,
				0D140AAB29DFD7F0000DEEC0 /* GetRequestFullPage.swift */,
				0D140AA829DFD7D8000DEEC0 /* PostRequestPage.swift */,
				0D140AA229DFD7B9000DEEC0 /* NewsModel.swift */,
				0D140A9F29DFD7AC000DEEC0 /* PostModel.swift */,
			);
			path = Views;
			sourceTree = "<group>";
		};
		0D140AB129DFD8C3000DEEC0 /* Resouces */ = {
			isa = PBXGroup;
			children = (
				0D140A7629DFC43B000DEEC0 /* Assets.xcassets */,
				0D140A7829DFC43B000DEEC0 /* LaunchScreen.storyboard */,
			);
			path = Resouces;
			sourceTree = "<group>";
		};
		0D140AB329DFDBFC000DEEC0 /* APIManager */ = {
			isa = PBXGroup;
			children = (
				0D140AA529DFD7C3000DEEC0 /* ApiManager.swift */,
			);
			path = APIManager;
			sourceTree = "<group>";
		};
		22B7715D2648C7C2DDAE1638 /* Pods */ = {
			isa = PBXGroup;
			children = (
				0E44100B84AD3C5B7D069A0E /* Pods-HW44.debug.xcconfig */,
				0EC5F069EBD1C7FAC2CA2BCA /* Pods-HW44.release.xcconfig */,
			);
			path = Pods;
			sourceTree = "<group>";
		};
		3E350391564121C5A0F68809 /* Frameworks */ = {
			isa = PBXGroup;
			children = (
				13628A8B359BD7B94C31DDC2 /* Pods_HW44.framework */,
			);
			name = Frameworks;
			sourceTree = "<group>";
		};
/* End PBXGroup section */

/* Begin PBXNativeTarget section */
		0D140A6929DFC43A000DEEC0 /* HW44 */ = {
			isa = PBXNativeTarget;
			buildConfigurationList = 0D140A7E29DFC43B000DEEC0 /* Build configuration list for PBXNativeTarget "HW44" */;
			buildPhases = (
				94AB9CE4AA926A8486DAD375 /* [CP] Check Pods Manifest.lock */,
				0D140A6629DFC43A000DEEC0 /* Sources */,
				0D140A6729DFC43A000DEEC0 /* Frameworks */,
				0D140A6829DFC43A000DEEC0 /* Resources */,
				561A2483FAF0A6FEF07DC279 /* [CP] Embed Pods Frameworks */,
			);
			buildRules = (
			);
			dependencies = (
			);
			name = HW44;
			productName = HW44;
			productReference = 0D140A6A29DFC43A000DEEC0 /* HW44.app */;
			productType = "com.apple.product-type.application";
		};
/* End PBXNativeTarget section */

/* Begin PBXProject section */
		0D140A6229DFC43A000DEEC0 /* Project object */ = {
			isa = PBXProject;
			attributes = {
				LastSwiftUpdateCheck = 1210;
				LastUpgradeCheck = 1210;
				TargetAttributes = {
					0D140A6929DFC43A000DEEC0 = {
						CreatedOnToolsVersion = 12.1;
					};
				};
			};
			buildConfigurationList = 0D140A6529DFC43A000DEEC0 /* Build configuration list for PBXProject "HW44" */;
			compatibilityVersion = "Xcode 9.3";
			developmentRegion = en;
			hasScannedForEncodings = 0;
			knownRegions = (
				en,
				Base,
			);
			mainGroup = 0D140A6129DFC43A000DEEC0;
			productRefGroup = 0D140A6B29DFC43A000DEEC0 /* Products */;
			projectDirPath = "";
			projectRoot = "";
			targets = (
				0D140A6929DFC43A000DEEC0 /* HW44 */,
			);
		};
/* End PBXProject section */

/* Begin PBXResourcesBuildPhase section */
		0D140A6829DFC43A000DEEC0 /* Resources */ = {
			isa = PBXResourcesBuildPhase;
			buildActionMask = 2147483647;
			files = (
				0D140A7A29DFC43B000DEEC0 /* LaunchScreen.storyboard in Resources */,
				0D140A7729DFC43B000DEEC0 /* Assets.xcassets in Resources */,
				0D140A7529DFC43A000DEEC0 /* Main.storyboard in Resources */,
			);
			runOnlyForDeploymentPostprocessing = 0;
		};
/* End PBXResourcesBuildPhase section */

/* Begin PBXShellScriptBuildPhase section */
		561A2483FAF0A6FEF07DC279 /* [CP] Embed Pods Frameworks */ = {
			isa = PBXShellScriptBuildPhase;
			buildActionMask = 2147483647;
			files = (
			);
			inputFileListPaths = (
				"${PODS_ROOT}/Target Support Files/Pods-HW44/Pods-HW44-frameworks-${CONFIGURATION}-input-files.xcfilelist",
			);
			name = "[CP] Embed Pods Frameworks";
			outputFileListPaths = (
				"${PODS_ROOT}/Target Support Files/Pods-HW44/Pods-HW44-frameworks-${CONFIGURATION}-output-files.xcfilelist",
			);
			runOnlyForDeploymentPostprocessing = 0;
			shellPath = /bin/sh;
			shellScript = "\"${PODS_ROOT}/Target Support Files/Pods-HW44/Pods-HW44-frameworks.sh\"\n";
			showEnvVarsInLog = 0;
		};
		94AB9CE4AA926A8486DAD375 /* [CP] Check Pods Manifest.lock */ = {
			isa = PBXShellScriptBuildPhase;
			buildActionMask = 2147483647;
			files = (
			);
			inputFileListPaths = (
			);
			inputPaths = (
				"${PODS_PODFILE_DIR_PATH}/Podfile.lock",
				"${PODS_ROOT}/Manifest.lock",
			);
			name = "[CP] Check Pods Manifest.lock";
			outputFileListPaths = (
			);
			outputPaths = (
				"$(DERIVED_FILE_DIR)/Pods-HW44-checkManifestLockResult.txt",
			);
			runOnlyForDeploymentPostprocessing = 0;
			shellPath = /bin/sh;
			shellScript = "diff \"${PODS_PODFILE_DIR_PATH}/Podfile.lock\" \"${PODS_ROOT}/Manifest.lock\" > /dev/null\nif [ $? != 0 ] ; then\n    # print error to STDERR\n    echo \"error: The sandbox is not in sync with the Podfile.lock. Run 'pod install' or update your CocoaPods installation.\" >&2\n    exit 1\nfi\n# This output is used by Xcode 'outputs' to avoid re-running this script phase.\necho \"SUCCESS\" > \"${SCRIPT_OUTPUT_FILE_0}\"\n";
			showEnvVarsInLog = 0;
		};
/* End PBXShellScriptBuildPhase section */

/* Begin PBXSourcesBuildPhase section */
		0D140A6629DFC43A000DEEC0 /* Sources */ = {
			isa = PBXSourcesBuildPhase;
			buildActionMask = 2147483647;
			files = (
				0D140A7229DFC43A000DEEC0 /* ViewController.swift in Sources */,
				0D140AA029DFD7AC000DEEC0 /* PostModel.swift in Sources */,
				0D140A6E29DFC43A000DEEC0 /* AppDelegate.swift in Sources */,
				0D140AA929DFD7D8000DEEC0 /* PostRequestPage.swift in Sources */,
				0D140AAF29DFD80C000DEEC0 /* CustomCell.swift in Sources */,
				0D140AAC29DFD7F0000DEEC0 /* GetRequestFullPage.swift in Sources */,
				0D140A7029DFC43A000DEEC0 /* SceneDelegate.swift in Sources */,
				0D140AA629DFD7C3000DEEC0 /* ApiManager.swift in Sources */,
				0D140AA329DFD7B9000DEEC0 /* NewsModel.swift in Sources */,
			);
			runOnlyForDeploymentPostprocessing = 0;
		};
/* End PBXSourcesBuildPhase section */

/* Begin PBXVariantGroup section */
		0D140A7329DFC43A000DEEC0 /* Main.storyboard */ = {
			isa = PBXVariantGroup;
			children = (
				0D140A7429DFC43A000DEEC0 /* Base */,
			);
			name = Main.storyboard;
			sourceTree = "<group>";
		};
		0D140A7829DFC43B000DEEC0 /* LaunchScreen.storyboard */ = {
			isa = PBXVariantGroup;
			children = (
				0D140A7929DFC43B000DEEC0 /* Base */,
			);
			name = LaunchScreen.storyboard;
			sourceTree = "<group>";
		};
/* End PBXVariantGroup section */

/* Begin XCBuildConfiguration section */
		0D140A7C29DFC43B000DEEC0 /* Debug */ = {
			isa = XCBuildConfiguration;
			buildSettings = {
				ALWAYS_SEARCH_USER_PATHS = NO;
				CLANG_ANALYZER_NONNULL = YES;
				CLANG_ANALYZER_NUMBER_OBJECT_CONVERSION = YES_AGGRESSIVE;
				CLANG_CXX_LANGUAGE_STANDARD = "gnu++14";
				CLANG_CXX_LIBRARY = "libc++";
				CLANG_ENABLE_MODULES = YES;
				CLANG_ENABLE_OBJC_ARC = YES;
				CLANG_ENABLE_OBJC_WEAK = YES;
				CLANG_WARN_BLOCK_CAPTURE_AUTORELEASING = YES;
				CLANG_WARN_BOOL_CONVERSION = YES;
				CLANG_WARN_COMMA = YES;
				CLANG_WARN_CONSTANT_CONVERSION = YES;
				CLANG_WARN_DEPRECATED_OBJC_IMPLEMENTATIONS = YES;
				CLANG_WARN_DIRECT_OBJC_ISA_USAGE = YES_ERROR;
				CLANG_WARN_DOCUMENTATION_COMMENTS = YES;
				CLANG_WARN_EMPTY_BODY = YES;
				CLANG_WARN_ENUM_CONVERSION = YES;
				CLANG_WARN_INFINITE_RECURSION = YES;
				CLANG_WARN_INT_CONVERSION = YES;
				CLANG_WARN_NON_LITERAL_NULL_CONVERSION = YES;
				CLANG_WARN_OBJC_IMPLICIT_RETAIN_SELF = YES;
				CLANG_WARN_OBJC_LITERAL_CONVERSION = YES;
				CLANG_WARN_OBJC_ROOT_CLASS = YES_ERROR;
				CLANG_WARN_QUOTED_INCLUDE_IN_FRAMEWORK_HEADER = YES;
				CLANG_WARN_RANGE_LOOP_ANALYSIS = YES;
				CLANG_WARN_STRICT_PROTOTYPES = YES;
				CLANG_WARN_SUSPICIOUS_MOVE = YES;
				CLANG_WARN_UNGUARDED_AVAILABILITY = YES_AGGRESSIVE;
				CLANG_WARN_UNREACHABLE_CODE = YES;
				CLANG_WARN__DUPLICATE_METHOD_MATCH = YES;
				COPY_PHASE_STRIP = NO;
				DEBUG_INFORMATION_FORMAT = dwarf;
				ENABLE_STRICT_OBJC_MSGSEND = YES;
				ENABLE_TESTABILITY = YES;
				GCC_C_LANGUAGE_STANDARD = gnu11;
				GCC_DYNAMIC_NO_PIC = NO;
				GCC_NO_COMMON_BLOCKS = YES;
				GCC_OPTIMIZATION_LEVEL = 0;
				GCC_PREPROCESSOR_DEFINITIONS = (
					"DEBUG=1",
					"$(inherited)",
				);
				GCC_WARN_64_TO_32_BIT_CONVERSION = YES;
				GCC_WARN_ABOUT_RETURN_TYPE = YES_ERROR;
				GCC_WARN_UNDECLARED_SELECTOR = YES;
				GCC_WARN_UNINITIALIZED_AUTOS = YES_AGGRESSIVE;
				GCC_WARN_UNUSED_FUNCTION = YES;
				GCC_WARN_UNUSED_VARIABLE = YES;
				IPHONEOS_DEPLOYMENT_TARGET = 14.1;
				MTL_ENABLE_DEBUG_INFO = INCLUDE_SOURCE;
				MTL_FAST_MATH = YES;
				ONLY_ACTIVE_ARCH = YES;
				SDKROOT = iphoneos;
				SWIFT_ACTIVE_COMPILATION_CONDITIONS = DEBUG;
				SWIFT_OPTIMIZATION_LEVEL = "-Onone";
			};
			name = Debug;
		};
		0D140A7D29DFC43B000DEEC0 /* Release */ = {
			isa = XCBuildConfiguration;
			buildSettings = {
				ALWAYS_SEARCH_USER_PATHS = NO;
				CLANG_ANALYZER_NONNULL = YES;
				CLANG_ANALYZER_NUMBER_OBJECT_CONVERSION = YES_AGGRESSIVE;
				CLANG_CXX_LANGUAGE_STANDARD = "gnu++14";
				CLANG_CXX_LIBRARY = "libc++";
				CLANG_ENABLE_MODULES = YES;
				CLANG_ENABLE_OBJC_ARC = YES;
				CLANG_ENABLE_OBJC_WEAK = YES;
				CLANG_WARN_BLOCK_CAPTURE_AUTORELEASING = YES;
				CLANG_WARN_BOOL_CONVERSION = YES;
				CLANG_WARN_COMMA = YES;
				CLANG_WARN_CONSTANT_CONVERSION = YES;
				CLANG_WARN_DEPRECATED_OBJC_IMPLEMENTATIONS = YES;
				CLANG_WARN_DIRECT_OBJC_ISA_USAGE = YES_ERROR;
				CLANG_WARN_DOCUMENTATION_COMMENTS = YES;
				CLANG_WARN_EMPTY_BODY = YES;
				CLANG_WARN_ENUM_CONVERSION = YES;
				CLANG_WARN_INFINITE_RECURSION = YES;
				CLANG_WARN_INT_CONVERSION = YES;
				CLANG_WARN_NON_LITERAL_NULL_CONVERSION = YES;
				CLANG_WARN_OBJC_IMPLICIT_RETAIN_SELF = YES;
				CLANG_WARN_OBJC_LITERAL_CONVERSION = YES;
				CLANG_WARN_OBJC_ROOT_CLASS = YES_ERROR;
				CLANG_WARN_QUOTED_INCLUDE_IN_FRAMEWORK_HEADER = YES;
				CLANG_WARN_RANGE_LOOP_ANALYSIS = YES;
				CLANG_WARN_STRICT_PROTOTYPES = YES;
				CLANG_WARN_SUSPICIOUS_MOVE = YES;
				CLANG_WARN_UNGUARDED_AVAILABILITY = YES_AGGRESSIVE;
				CLANG_WARN_UNREACHABLE_CODE = YES;
				CLANG_WARN__DUPLICATE_METHOD_MATCH = YES;
				COPY_PHASE_STRIP = NO;
				DEBUG_INFORMATION_FORMAT = "dwarf-with-dsym";
				ENABLE_NS_ASSERTIONS = NO;
				ENABLE_STRICT_OBJC_MSGSEND = YES;
				GCC_C_LANGUAGE_STANDARD = gnu11;
				GCC_NO_COMMON_BLOCKS = YES;
				GCC_WARN_64_TO_32_BIT_CONVERSION = YES;
				GCC_WARN_ABOUT_RETURN_TYPE = YES_ERROR;
				GCC_WARN_UNDECLARED_SELECTOR = YES;
				GCC_WARN_UNINITIALIZED_AUTOS = YES_AGGRESSIVE;
				GCC_WARN_UNUSED_FUNCTION = YES;
				GCC_WARN_UNUSED_VARIABLE = YES;
				IPHONEOS_DEPLOYMENT_TARGET = 14.1;
				MTL_ENABLE_DEBUG_INFO = NO;
				MTL_FAST_MATH = YES;
				SDKROOT = iphoneos;
				SWIFT_COMPILATION_MODE = wholemodule;
				SWIFT_OPTIMIZATION_LEVEL = "-O";
				VALIDATE_PRODUCT = YES;
			};
			name = Release;
		};
		0D140A7F29DFC43B000DEEC0 /* Debug */ = {
			isa = XCBuildConfiguration;
			baseConfigurationReference = 0E44100B84AD3C5B7D069A0E /* Pods-HW44.debug.xcconfig */;
			buildSettings = {
				ASSETCATALOG_COMPILER_APPICON_NAME = AppIcon;
				ASSETCATALOG_COMPILER_GLOBAL_ACCENT_COLOR_NAME = AccentColor;
				CODE_SIGN_STYLE = Automatic;
				INFOPLIST_FILE = HW44/Info.plist;
				LD_RUNPATH_SEARCH_PATHS = (
					"$(inherited)",
					"@executable_path/Frameworks",
				);
				PRODUCT_BUNDLE_IDENTIFIER = month4.HW44;
				PRODUCT_NAME = "$(TARGET_NAME)";
				SWIFT_VERSION = 5.0;
				TARGETED_DEVICE_FAMILY = "1,2";
			};
			name = Debug;
		};
		0D140A8029DFC43B000DEEC0 /* Release */ = {
			isa = XCBuildConfiguration;
			baseConfigurationReference = 0EC5F069EBD1C7FAC2CA2BCA /* Pods-HW44.release.xcconfig */;
			buildSettings = {
				ASSETCATALOG_COMPILER_APPICON_NAME = AppIcon;
				ASSETCATALOG_COMPILER_GLOBAL_ACCENT_COLOR_NAME = AccentColor;
				CODE_SIGN_STYLE = Automatic;
				INFOPLIST_FILE = HW44/Info.plist;
				LD_RUNPATH_SEARCH_PATHS = (
					"$(inherited)",
					"@executable_path/Frameworks",
				);
				PRODUCT_BUNDLE_IDENTIFIER = month4.HW44;
				PRODUCT_NAME = "$(TARGET_NAME)";
				SWIFT_VERSION = 5.0;
				TARGETED_DEVICE_FAMILY = "1,2";
			};
			name = Release;
		};
/* End XCBuildConfiguration section */

/* Begin XCConfigurationList section */
		0D140A6529DFC43A000DEEC0 /* Build configuration list for PBXProject "HW44" */ = {
			isa = XCConfigurationList;
			buildConfigurations = (
				0D140A7C29DFC43B000DEEC0 /* Debug */,
				0D140A7D29DFC43B000DEEC0 /* Release */,
			);
			defaultConfigurationIsVisible = 0;
			defaultConfigurationName = Release;
		};
		0D140A7E29DFC43B000DEEC0 /* Build configuration list for PBXNativeTarget "HW44" */ = {
			isa = XCConfigurationList;
			buildConfigurations = (
				0D140A7F29DFC43B000DEEC0 /* Debug */,
				0D140A8029DFC43B000DEEC0 /* Release */,
			);
			defaultConfigurationIsVisible = 0;
			defaultConfigurationName = Release;
		};
/* End XCConfigurationList section */
	};
	rootObject = 0D140A6229DFC43A000DEEC0 /* Project object */;
}
